{
  "name": "django-shop",
  "version": "0.11.0",
  "lockfileVersion": 1,
  "requires": true,
  "dependencies": {
    "almond": {
      "version": "0.3.3",
      "resolved": "https://registry.npmjs.org/almond/-/almond-0.3.3.tgz",
      "integrity": "sha1-oOfJWsdiTWQXtElLHmi/9pMWiiA="
    },
    "angular": {
      "version": "1.5.11",
      "resolved": "https://registry.npmjs.org/angular/-/angular-1.5.11.tgz",
      "integrity": "sha1-jFunOG8VllyazzQp9ogVU6raMNY="
    },
    "angular-animate": {
      "version": "1.5.11",
      "resolved": "https://registry.npmjs.org/angular-animate/-/angular-animate-1.5.11.tgz",
      "integrity": "sha1-G6pDwwPRuTxOaqiUU7ORFLehxmk="
    },
    "angular-bootstrap-plus": {
      "version": "0.6.4",
      "resolved": "https://registry.npmjs.org/angular-bootstrap-plus/-/angular-bootstrap-plus-0.6.4.tgz",
      "integrity": "sha1-ieCI3X52zaIBZojsovoXarSaa2U=",
      "requires": {
        "angular": "1.5.11"
      }
    },
    "angular-i18n": {
      "version": "1.5.11",
      "resolved": "https://registry.npmjs.org/angular-i18n/-/angular-i18n-1.5.11.tgz",
      "integrity": "sha1-PQSCAy0G8UN8YZLNjvYEXmkqpok="
    },
    "angular-inview": {
      "version": "1.5.7",
      "resolved": "https://registry.npmjs.org/angular-inview/-/angular-inview-1.5.7.tgz",
      "integrity": "sha1-DrcsxwpHpEdmykQkhSspV8grTvc="
    },
    "angular-messages": {
      "version": "1.5.11",
      "resolved": "https://registry.npmjs.org/angular-messages/-/angular-messages-1.5.11.tgz",
      "integrity": "sha1-6pnwFjWU/LCi23AbMDgzklDezJA="
    },
    "angular-sanitize": {
      "version": "1.5.11",
      "resolved": "https://registry.npmjs.org/angular-sanitize/-/angular-sanitize-1.5.11.tgz",
      "integrity": "sha1-6/s/ND5UP5su8FD7TC6e4EjRdy8="
    },
    "angular-ui-bootstrap": {
      "version": "0.14.3",
      "resolved": "https://registry.npmjs.org/angular-ui-bootstrap/-/angular-ui-bootstrap-0.14.3.tgz",
      "integrity": "sha1-2WzmBMhLvXBro0qryh1ac3bhi6Y="
    },
    "bootstrap": {
      "version": "3.3.7",
      "resolved": "https://registry.npmjs.org/bootstrap/-/bootstrap-3.3.7.tgz",
      "integrity": "sha1-WjiTlFSfIzMIdaOxUGVldPip63E="
    },
    "bootstrap-sass": {
      "version": "3.3.7",
      "resolved": "https://registry.npmjs.org/bootstrap-sass/-/bootstrap-sass-3.3.7.tgz",
      "integrity": "sha1-ZZbHq0D2Y3OTMjqwvIDQZPxjBJg="
    },
    "font-awesome": {
      "version": "4.6.3",
      "resolved": "https://registry.npmjs.org/font-awesome/-/font-awesome-4.6.3.tgz",
      "integrity": "sha1-hpM2UVQO4Ah0xmQBf1DyFy9lMaI="
    },
    "jquery-mousewheel": {
      "version": "3.1.13",
      "resolved": "https://registry.npmjs.org/jquery-mousewheel/-/jquery-mousewheel-3.1.13.tgz",
      "integrity": "sha1-BvAzXxbjU6aV5yBr9QUDy1I6buU="
    },
    "leaflet": {
      "version": "1.2.0",
      "resolved": "https://registry.npmjs.org/leaflet/-/leaflet-1.2.0.tgz",
      "integrity": "sha512-Bold8phAE6WcRsuwhofrQ7cOK1REFHaYIkKuj7+TBYK3ONKRpGGIb5oXR5akYotFnrWN0TWKh6Svlhflm3dogg=="
    },
    "leaflet-easybutton": {
      "version": "2.2.0",
      "resolved": "https://registry.npmjs.org/leaflet-easybutton/-/leaflet-easybutton-2.2.0.tgz",
      "integrity": "sha1-Mv8OKTdIDJSuj+eJSzAX2m8eugk=",
      "requires": {
        "leaflet": "1.2.0"
      }
    },
    "picturefill": {
      "version": "3.0.2",
      "resolved": "https://registry.npmjs.org/picturefill/-/picturefill-3.0.2.tgz",
      "integrity": "sha1-+j01//vvWrUwD+KtncqPLjbLons="
    },
    "select2": {
      "version": "4.0.3",
      "resolved": "https://registry.npmjs.org/select2/-/select2-4.0.3.tgz",
      "integrity": "sha1-IHcz/pHqy5yxoT8SRjQB9HJEng8=",
      "requires": {
        "almond": "0.3.3",
        "jquery-mousewheel": "3.1.13"
      }
    }
  }
}
